
Microsoft Visual Studio Solution File, Format Version 12.00
# Visual Studio Version 16
VisualStudioVersion = 16.0.29709.97
MinimumVisualStudioVersion = 10.0.40219.1
Project("{9A19103F-16F7-4668-BE54-9A1E7A4F7556}") = "Game", "Game.csproj", "{EDA70A29-3AA6-46DE-A96B-1D11F05BA395}"
EndProject
Global
	GlobalSection(SolutionConfigurationPlatforms) = preSolution
		Debug|Any CPU = Debug|Any CPU
		Release|Any CPU = Release|Any CPU
	EndGlobalSection
	GlobalSection(ProjectConfigurationPlatforms) = postSolution
		{EDA70A29-3AA6-46DE-A96B-1D11F05BA395}.Debug|Any CPU.ActiveCfg = Debug|Any CPU
		{EDA70A29-3AA6-46DE-A96B-1D11F05BA395}.Debug|Any CPU.Build.0 = Debug|Any CPU
		{EDA70A29-3AA6-46DE-A96B-1D11F05BA395}.Release|Any CPU.ActiveCfg = Release|Any CPU
		{EDA70A29-3AA6-46DE-A96B-1D11F05BA395}.Release|Any CPU.Build.0 = Release|Any CPU
	EndGlobalSection
	GlobalSection(SolutionProperties) = preSolution
		HideSolutionNode = FALSE
	EndGlobalSection
	GlobalSection(ExtensibilityGlobals) = postSolution
		SolutionGuid = {5BF744C8-EBC5-41BF-9B3B-B29B8D68B001}
	EndGlobalSection
EndGlobal
